
Microsoft Visual Studio Solution File, Format Version 12.00
# Visual Studio 15
VisualStudioVersion = 15.0.26730.16
MinimumVisualStudioVersion = 10.0.40219.1
Project("{FAE04EC0-301F-11D3-BF4B-00C04F79EFBC}") = "Client", "Lab05\Client.csproj", "{7C9D2C55-DE67-444F-A4C6-E09F81183DFA}"
EndProject
Project("{FAE04EC0-301F-11D3-BF4B-00C04F79EFBC}") = "Server", "Server\Server.csproj", "{4F7A6C33-B8D4-4C3A-B50E-28B3277B0250}"
EndProject
Global
	GlobalSection(SolutionConfigurationPlatforms) = preSolution
		Debug|Any CPU = Debug|Any CPU
		Release|Any CPU = Release|Any CPU
	EndGlobalSection
	GlobalSection(ProjectConfigurationPlatforms) = postSolution
		{7C9D2C55-DE67-444F-A4C6-E09F81183DFA}.Debug|Any CPU.ActiveCfg = Debug|Any CPU
		{7C9D2C55-DE67-444F-A4C6-E09F81183DFA}.Debug|Any CPU.Build.0 = Debug|Any CPU
		{7C9D2C55-DE67-444F-A4C6-E09F81183DFA}.Release|Any CPU.ActiveCfg = Release|Any CPU
		{7C9D2C55-DE67-444F-A4C6-E09F81183DFA}.Release|Any CPU.Build.0 = Release|Any CPU
		{4F7A6C33-B8D4-4C3A-B50E-28B3277B0250}.Debug|Any CPU.ActiveCfg = Debug|Any CPU
		{4F7A6C33-B8D4-4C3A-B50E-28B3277B0250}.Debug|Any CPU.Build.0 = Debug|Any CPU
		{4F7A6C33-B8D4-4C3A-B50E-28B3277B0250}.Release|Any CPU.ActiveCfg = Release|Any CPU
		{4F7A6C33-B8D4-4C3A-B50E-28B3277B0250}.Release|Any CPU.Build.0 = Release|Any CPU
	EndGlobalSection
	GlobalSection(SolutionProperties) = preSolution
		HideSolutionNode = FALSE
	EndGlobalSection
	GlobalSection(ExtensibilityGlobals) = postSolution
		SolutionGuid = {F3B44593-D623-4504-86ED-DA220D346CEF}
	EndGlobalSection
EndGlobal
